
Microsoft Visual Studio Solution File, Format Version 12.00
# Visual Studio 15
VisualStudioVersion = 15.0.27428.2027
MinimumVisualStudioVersion = 10.0.40219.1
Project("{FAE04EC0-301F-11D3-BF4B-00C04F79EFBC}") = "MyApp", "MyApp\MyApp.csproj", "{435021CF-4E36-4E20-B662-3E89201C1EFD}"
EndProject
Global
	GlobalSection(SolutionConfigurationPlatforms) = preSolution
		Debug|Any CPU = Debug|Any CPU
		Release|Any CPU = Release|Any CPU
	EndGlobalSection
	GlobalSection(ProjectConfigurationPlatforms) = postSolution
		{435021CF-4E36-4E20-B662-3E89201C1EFD}.Debug|Any CPU.ActiveCfg = Debug|Any CPU
		{435021CF-4E36-4E20-B662-3E89201C1EFD}.Debug|Any CPU.Build.0 = Debug|Any CPU
		{435021CF-4E36-4E20-B662-3E89201C1EFD}.Release|Any CPU.ActiveCfg = Release|Any CPU
		{435021CF-4E36-4E20-B662-3E89201C1EFD}.Release|Any CPU.Build.0 = Release|Any CPU
	EndGlobalSection
	GlobalSection(SolutionProperties) = preSolution
		HideSolutionNode = FALSE
	EndGlobalSection
	GlobalSection(ExtensibilityGlobals) = postSolution
		SolutionGuid = {C4DD6968-9AF1-4764-A465-E58812E27AEC}
	EndGlobalSection
EndGlobal
